
Microsoft Visual Studio Solution File, Format Version 12.00
# Visual Studio Version 17
VisualStudioVersion = 17.10.35004.147
MinimumVisualStudioVersion = 10.0.40219.1
Project("{FAE04EC0-301F-11D3-BF4B-00C04F79EFBC}") = "Ejercicios", "Ejercicios\Ejercicios.csproj", "{BF28C810-5426-4692-9671-BA9F2AF5DCA9}"
EndProject
Global
	GlobalSection(SolutionConfigurationPlatforms) = preSolution
		Debug|Any CPU = Debug|Any CPU
		Release|Any CPU = Release|Any CPU
	EndGlobalSection
	GlobalSection(ProjectConfigurationPlatforms) = postSolution
		{BF28C810-5426-4692-9671-BA9F2AF5DCA9}.Debug|Any CPU.ActiveCfg = Debug|Any CPU
		{BF28C810-5426-4692-9671-BA9F2AF5DCA9}.Debug|Any CPU.Build.0 = Debug|Any CPU
		{BF28C810-5426-4692-9671-BA9F2AF5DCA9}.Release|Any CPU.ActiveCfg = Release|Any CPU
		{BF28C810-5426-4692-9671-BA9F2AF5DCA9}.Release|Any CPU.Build.0 = Release|Any CPU
	EndGlobalSection
	GlobalSection(SolutionProperties) = preSolution
		HideSolutionNode = FALSE
	EndGlobalSection
	GlobalSection(ExtensibilityGlobals) = postSolution
		SolutionGuid = {ABD39B21-1DD9-4DCE-89FB-3AE2FFBCCBEC}
	EndGlobalSection
EndGlobal
